Microsoft Visual Studio Solution File, Format Version 10.00
# Visual Studio 2008
Project("{FAE04EC0-301F-11D3-BF4B-00C04F79EFBC}") = "WMAuth", "WMAuth\WMAuth.csproj", "{73456CE4-1E2E-499C-B3FE-AED967EB69A9}"
EndProject
Project("{FAE04EC0-301F-11D3-BF4B-00C04F79EFBC}") = "AuthenticatorCF", "Authenticator\AuthenticatorCF.csproj", "{32881C8B-08BA-40CC-B328-6B3438D0DF55}"
EndProject
Project("{B900F1C2-3D47-4FEC-85B3-04AAF18C3634}") = "WMCabSetup", "WMAuth\WMCabSetup\WMCabSetup.vddproj", "{1D6D3AE5-E6A1-4C2D-82BC-1F673AA94B92}"
EndProject
Global
	GlobalSection(SolutionConfigurationPlatforms) = preSolution
		Debug|Any CPU = Debug|Any CPU
		Release|Any CPU = Release|Any CPU
	EndGlobalSection
	GlobalSection(ProjectConfigurationPlatforms) = postSolution
		{73456CE4-1E2E-499C-B3FE-AED967EB69A9}.Debug|Any CPU.ActiveCfg = Debug|Any CPU
		{73456CE4-1E2E-499C-B3FE-AED967EB69A9}.Debug|Any CPU.Build.0 = Debug|Any CPU
		{73456CE4-1E2E-499C-B3FE-AED967EB69A9}.Debug|Any CPU.Deploy.0 = Debug|Any CPU
		{73456CE4-1E2E-499C-B3FE-AED967EB69A9}.Release|Any CPU.ActiveCfg = Release|Any CPU
		{73456CE4-1E2E-499C-B3FE-AED967EB69A9}.Release|Any CPU.Build.0 = Release|Any CPU
		{73456CE4-1E2E-499C-B3FE-AED967EB69A9}.Release|Any CPU.Deploy.0 = Release|Any CPU
		{32881C8B-08BA-40CC-B328-6B3438D0DF55}.Debug|Any CPU.ActiveCfg = Debug|Any CPU
		{32881C8B-08BA-40CC-B328-6B3438D0DF55}.Debug|Any CPU.Build.0 = Debug|Any CPU
		{32881C8B-08BA-40CC-B328-6B3438D0DF55}.Release|Any CPU.ActiveCfg = Release|Any CPU
		{32881C8B-08BA-40CC-B328-6B3438D0DF55}.Release|Any CPU.Build.0 = Release|Any CPU
		{1D6D3AE5-E6A1-4C2D-82BC-1F673AA94B92}.Debug|Any CPU.ActiveCfg = Debug
		{1D6D3AE5-E6A1-4C2D-82BC-1F673AA94B92}.Debug|Any CPU.Build.0 = Debug
		{1D6D3AE5-E6A1-4C2D-82BC-1F673AA94B92}.Release|Any CPU.ActiveCfg = Release
		{1D6D3AE5-E6A1-4C2D-82BC-1F673AA94B92}.Release|Any CPU.Build.0 = Release
	EndGlobalSection
	GlobalSection(SolutionProperties) = preSolution
		HideSolutionNode = FALSE
	EndGlobalSection
EndGlobal
